
Microsoft Visual Studio Solution File, Format Version 12.00
# Visual Studio 15
VisualStudioVersion = 15.0.28307.539
MinimumVisualStudioVersion = 10.0.40219.1
Project("{FAE04EC0-301F-11D3-BF4B-00C04F79EFBC}") = "Rozpoznawanie liter", "Rozpoznawanie liter\Rozpoznawanie liter.csproj", "{528C10A9-4EB3-4678-9989-C46A44F3B15F}"
EndProject
Global
	GlobalSection(SolutionConfigurationPlatforms) = preSolution
		Debug|Any CPU = Debug|Any CPU
		Release|Any CPU = Release|Any CPU
	EndGlobalSection
	GlobalSection(ProjectConfigurationPlatforms) = postSolution
		{528C10A9-4EB3-4678-9989-C46A44F3B15F}.Debug|Any CPU.ActiveCfg = Debug|Any CPU
		{528C10A9-4EB3-4678-9989-C46A44F3B15F}.Debug|Any CPU.Build.0 = Debug|Any CPU
		{528C10A9-4EB3-4678-9989-C46A44F3B15F}.Release|Any CPU.ActiveCfg = Release|Any CPU
		{528C10A9-4EB3-4678-9989-C46A44F3B15F}.Release|Any CPU.Build.0 = Release|Any CPU
	EndGlobalSection
	GlobalSection(SolutionProperties) = preSolution
		HideSolutionNode = FALSE
	EndGlobalSection
	GlobalSection(ExtensibilityGlobals) = postSolution
		SolutionGuid = {5B561612-1D8F-453B-94AD-1BA3D10EF8DA}
	EndGlobalSection
EndGlobal
